{
  "name": "authorization-function",
  "version": "1.0.0",
  "lockfileVersion": 3,
  "requires": true,
  "packages": {
    "": {
      "name": "authorization-function",
      "version": "1.0.0",
      "license": "ISC",
      "dependencies": {
        "@humansecurity/aws-api-gateway-lambda-authorizer-enforcer": "^1.2.0"
      }
    },
    "node_modules/@humansecurity/aws-api-gateway-lambda-authorizer-enforcer": {
      "version": "1.2.0",
      "resolved": "https://registry.npmjs.org/@humansecurity/aws-api-gateway-lambda-authorizer-enforcer/-/aws-api-gateway-lambda-authorizer-enforcer-1.2.0.tgz",
      "integrity": "sha512-JlSw5cNlpjilf5wTdaIRpL2rJew7aYn3dRAUkh3aWgeO0LNy099AZJwBUdxc/Oup5P+YoszKG+MbrTZThSUETg==",
      "dependencies": {
        "perimeterx-js-core": "0.18.1"
      }
    },
    "node_modules/centra": {
      "version": "2.7.0",
      "resolved": "https://registry.npmjs.org/centra/-/centra-2.7.0.tgz",
      "integrity": "sha512-PbFMgMSrmgx6uxCdm57RUos9Tc3fclMvhLSATYN39XsDV29B89zZ3KA89jmY0vwSGazyU+uerqwa6t+KaodPcg==",
      "dependencies": {
        "follow-redirects": "^1.15.6"
      }
    },
    "node_modules/crypto-js": {
      "version": "4.2.0",
      "resolved": "https://registry.npmjs.org/crypto-js/-/crypto-js-4.2.0.tgz",
      "integrity": "sha512-KALDyEYgpY+Rlob/iriUtjV6d5Eq+Y191A5g4UqLAi8CyGP9N1+FdVbkc1SxKc2r4YAYqG8JzO2KGL+AizD70Q=="
    },
    "node_modules/follow-redirects": {
      "version": "1.15.6",
      "resolved": "https://registry.npmjs.org/follow-redirects/-/follow-redirects-1.15.6.tgz",
      "integrity": "sha512-wWN62YITEaOpSK584EZXJafH1AGpO8RVgElfkuXbTOrPX4fIfOyEpW/CsiNd8JdYrAoOvafRTOEnvsO++qCqFA==",
      "funding": [
        {
          "type": "individual",
          "url": "https://github.com/sponsors/RubenVerborgh"
        }
      ],
      "engines": {
        "node": ">=4.0"
      },
      "peerDependenciesMeta": {
        "debug": {
          "optional": true
        }
      }
    },
    "node_modules/ip-range-check": {
      "version": "0.2.0",
      "resolved": "https://registry.npmjs.org/ip-range-check/-/ip-range-check-0.2.0.tgz",
      "integrity": "sha512-oaM3l/3gHbLlt/tCWLvt0mj1qUaI+STuRFnUvARGCujK9vvU61+2JsDpmkMzR4VsJhuFXWWgeKKVnwwoFfzCqw==",
      "dependencies": {
        "ipaddr.js": "^1.0.1"
      }
    },
    "node_modules/ipaddr.js": {
      "version": "1.9.1",
      "resolved": "https://registry.npmjs.org/ipaddr.js/-/ipaddr.js-1.9.1.tgz",
      "integrity": "sha512-0KI/607xoxSToH7GjN1FfSbLoU0+btTicjsQSWQlh/hZykN8KpmMf7uYwPW3R+akZ6R/w18ZlXSHBYXiYUPO3g==",
      "engines": {
        "node": ">= 0.10"
      }
    },
    "node_modules/js-base64": {
      "version": "3.7.7",
      "resolved": "https://registry.npmjs.org/js-base64/-/js-base64-3.7.7.tgz",
      "integrity": "sha512-7rCnleh0z2CkXhH67J8K1Ytz0b2Y+yxTPL+/KOJoa20hfnVQ/3/T6W/KflYI4bRHRagNeXeU2bkNGI3v1oS/lw=="
    },
    "node_modules/perimeterx-js-core": {
      "version": "0.18.1",
      "resolved": "https://registry.npmjs.org/perimeterx-js-core/-/perimeterx-js-core-0.18.1.tgz",
      "integrity": "sha512-UznzvD9TOi39SZCUsd8/f45oohXPOspIXS6z/+2VoQMZIOTxK7oOTPTRNKUmgV1u1ZLBm89Mt9ef3EPzs05WSA==",
      "dependencies": {
        "crypto-js": "^4.1.1",
        "ip-range-check": "^0.2.0",
        "js-base64": "^3.7.2",
        "phin": "^3.7.0",
        "ts-essentials": "^9.3.2",
        "uuid": "^9.0.0"
      }
    },
    "node_modules/phin": {
      "version": "3.7.1",
      "resolved": "https://registry.npmjs.org/phin/-/phin-3.7.1.tgz",
      "integrity": "sha512-GEazpTWwTZaEQ9RhL7Nyz0WwqilbqgLahDM3D0hxWwmVDI52nXEybHqiN6/elwpkJBhcuj+WbBu+QfT0uhPGfQ==",
      "dependencies": {
        "centra": "^2.7.0"
      },
      "engines": {
        "node": ">= 8"
      }
    },
    "node_modules/ts-essentials": {
      "version": "9.4.2",
      "resolved": "https://registry.npmjs.org/ts-essentials/-/ts-essentials-9.4.2.tgz",
      "integrity": "sha512-mB/cDhOvD7pg3YCLk2rOtejHjjdSi9in/IBYE13S+8WA5FBSraYf4V/ws55uvs0IvQ/l0wBOlXy5yBNZ9Bl8ZQ==",
      "peerDependencies": {
        "typescript": ">=4.1.0"
      },
      "peerDependenciesMeta": {
        "typescript": {
          "optional": true
        }
      }
    },
    "node_modules/uuid": {
      "version": "9.0.1",
      "resolved": "https://registry.npmjs.org/uuid/-/uuid-9.0.1.tgz",
      "integrity": "sha512-b+1eJOlsR9K8HJpow9Ok3fiWOWSIcIzXodvv0rQjVoOVNpWMpxf1wZNpt4y9h10odCNrqnYp1OBzRktckBe3sA==",
      "funding": [
        "https://github.com/sponsors/broofa",
        "https://github.com/sponsors/ctavan"
      ],
      "bin": {
        "uuid": "dist/bin/uuid"
      }
    }
  }
}
